
Microsoft Visual Studio Solution File, Format Version 12.00
# Visual Studio Version 16
VisualStudioVersion = 16.0.30002.166
MinimumVisualStudioVersion = 10.0.40219.1
Project("{FAE04EC0-301F-11D3-BF4B-00C04F79EFBC}") = "Bank", "Bank.csproj", "{4119D7E5-6203-4DC7-8FD2-44C831DE71C5}"
EndProject
Project("{FAE04EC0-301F-11D3-BF4B-00C04F79EFBC}") = "BankTests", "..\BankTests\BankTests.csproj", "{1B1ACF56-CA37-455F-9BF0-81DC527E5845}"
EndProject
Global
	GlobalSection(SolutionConfigurationPlatforms) = preSolution
		Debug|Any CPU = Debug|Any CPU
		Release|Any CPU = Release|Any CPU
	EndGlobalSection
	GlobalSection(ProjectConfigurationPlatforms) = postSolution
		{4119D7E5-6203-4DC7-8FD2-44C831DE71C5}.Debug|Any CPU.ActiveCfg = Debug|Any CPU
		{4119D7E5-6203-4DC7-8FD2-44C831DE71C5}.Debug|Any CPU.Build.0 = Debug|Any CPU
		{4119D7E5-6203-4DC7-8FD2-44C831DE71C5}.Release|Any CPU.ActiveCfg = Release|Any CPU
		{4119D7E5-6203-4DC7-8FD2-44C831DE71C5}.Release|Any CPU.Build.0 = Release|Any CPU
		{1B1ACF56-CA37-455F-9BF0-81DC527E5845}.Debug|Any CPU.ActiveCfg = Debug|Any CPU
		{1B1ACF56-CA37-455F-9BF0-81DC527E5845}.Debug|Any CPU.Build.0 = Debug|Any CPU
		{1B1ACF56-CA37-455F-9BF0-81DC527E5845}.Release|Any CPU.ActiveCfg = Release|Any CPU
		{1B1ACF56-CA37-455F-9BF0-81DC527E5845}.Release|Any CPU.Build.0 = Release|Any CPU
	EndGlobalSection
	GlobalSection(SolutionProperties) = preSolution
		HideSolutionNode = FALSE
	EndGlobalSection
	GlobalSection(ExtensibilityGlobals) = postSolution
		SolutionGuid = {20B26058-FE2E-4246-B3F7-E9B82C47B87E}
	EndGlobalSection
EndGlobal
